
Microsoft Visual Studio Solution File, Format Version 12.00
# Visual Studio 15
VisualStudioVersion = 15.0.26124.0
MinimumVisualStudioVersion = 15.0.26124.0
Project("{2150E333-8FDC-42A3-9474-1A3956D46DE8}") = "src", "src", "{8B4E9B45-811B-499D-B996-F93C022C965B}"
EndProject
Project("{FAE04EC0-301F-11D3-BF4B-00C04F79EFBC}") = "SprayChronicle.CommandHandling", "src\SprayChronicle.CommandHandling\SprayChronicle.CommandHandling.csproj", "{6C0A0EC4-CBC9-4E70-AF81-2D2CCE179656}"
EndProject
Project("{FAE04EC0-301F-11D3-BF4B-00C04F79EFBC}") = "SprayChronicle.EventHandling", "src\SprayChronicle.EventHandling\SprayChronicle.EventHandling.csproj", "{C48C268B-C01C-45E6-9EAE-E1E4C7371180}"
EndProject
Project("{FAE04EC0-301F-11D3-BF4B-00C04F79EFBC}") = "SprayChronicle.EventSourcing", "src\SprayChronicle.EventSourcing\SprayChronicle.EventSourcing.csproj", "{EBFC2DF1-2EF6-4FB2-9418-5E66C5169A39}"
EndProject
Project("{FAE04EC0-301F-11D3-BF4B-00C04F79EFBC}") = "SprayChronicle.Example", "src\SprayChronicle.Example\SprayChronicle.Example.csproj", "{439BA650-8EFF-4AD2-887F-D5ADA57920C7}"
EndProject
Project("{FAE04EC0-301F-11D3-BF4B-00C04F79EFBC}") = "SprayChronicle.MessageHandling", "src\SprayChronicle.MessageHandling\SprayChronicle.MessageHandling.csproj", "{E9807AA2-BA01-47EC-89EB-52884AC3A884}"
EndProject
Project("{FAE04EC0-301F-11D3-BF4B-00C04F79EFBC}") = "SprayChronicle.Persistence.Mongo", "src\SprayChronicle.Persistence.Mongo\SprayChronicle.Persistence.Mongo.csproj", "{BA17235E-B83C-4133-98ED-1B6DA136313C}"
EndProject
Project("{FAE04EC0-301F-11D3-BF4B-00C04F79EFBC}") = "SprayChronicle.Persistence.Ouro", "src\SprayChronicle.Persistence.Ouro\SprayChronicle.Persistence.Ouro.csproj", "{24B1CE1F-632A-4685-9EDD-3E74E7E176D1}"
EndProject
Project("{FAE04EC0-301F-11D3-BF4B-00C04F79EFBC}") = "SprayChronicle.QueryHandling", "src\SprayChronicle.QueryHandling\SprayChronicle.QueryHandling.csproj", "{23188493-7998-4803-8480-8DF932EEDD3E}"
EndProject
Project("{FAE04EC0-301F-11D3-BF4B-00C04F79EFBC}") = "SprayChronicle.Server", "src\SprayChronicle.Server\SprayChronicle.Server.csproj", "{697559FC-6BE4-4617-8172-0D6A3B073F2B}"
EndProject
Project("{FAE04EC0-301F-11D3-BF4B-00C04F79EFBC}") = "SprayChronicle.Server.Http", "src\SprayChronicle.Server.Http\SprayChronicle.Server.Http.csproj", "{8A2E362B-923A-4390-8B80-585E55446222}"
EndProject
Project("{FAE04EC0-301F-11D3-BF4B-00C04F79EFBC}") = "SprayChronicle.Testing", "src\SprayChronicle.Testing\SprayChronicle.Testing.csproj", "{E5BE878D-076C-450B-BC10-C4C6AF7F11DD}"
EndProject
Project("{2150E333-8FDC-42A3-9474-1A3956D46DE8}") = "test", "test", "{B20789C9-C214-41E2-98EC-23A2178C3E75}"
EndProject
Project("{FAE04EC0-301F-11D3-BF4B-00C04F79EFBC}") = "SprayChronicle.CommandHandling.Test", "test\SprayChronicle.CommandHandling.Test\SprayChronicle.CommandHandling.Test.csproj", "{7F65F213-9DCA-454B-887A-3AF72B8FD31F}"
EndProject
Project("{FAE04EC0-301F-11D3-BF4B-00C04F79EFBC}") = "SprayChronicle.EventHandling.Test", "test\SprayChronicle.EventHandling.Test\SprayChronicle.EventHandling.Test.csproj", "{0D8DAB2D-858D-41E6-A25B-6E513D0A389D}"
EndProject
Project("{FAE04EC0-301F-11D3-BF4B-00C04F79EFBC}") = "SprayChronicle.EventSourcing.Test", "test\SprayChronicle.EventSourcing.Test\SprayChronicle.EventSourcing.Test.csproj", "{57336ABA-1C92-4C96-8E1D-6CD691AE5A72}"
EndProject
Project("{FAE04EC0-301F-11D3-BF4B-00C04F79EFBC}") = "SprayChronicle.Example.Test", "test\SprayChronicle.Example.Test\SprayChronicle.Example.Test.csproj", "{BFA4BA69-15F5-4248-9418-900387C51172}"
EndProject
Project("{FAE04EC0-301F-11D3-BF4B-00C04F79EFBC}") = "SprayChronicle.MessageHandling.Test", "test\SprayChronicle.MessageHandling.Test\SprayChronicle.MessageHandling.Test.csproj", "{21C953C2-2ADA-423C-86DD-BD077FE00D6F}"
EndProject
Project("{FAE04EC0-301F-11D3-BF4B-00C04F79EFBC}") = "SprayChronicle.Persistence.Mongo.Test", "test\SprayChronicle.Persistence.Mongo.Test\SprayChronicle.Persistence.Mongo.Test.csproj", "{EB16FD90-8CED-44E8-80E1-E2ED1DD33834}"
EndProject
Project("{FAE04EC0-301F-11D3-BF4B-00C04F79EFBC}") = "SprayChronicle.Persistence.Ouro.Test", "test\SprayChronicle.Persistence.Ouro.Test\SprayChronicle.Persistence.Ouro.Test.csproj", "{A1E80A32-E41A-40A5-A351-E284F25AD8BD}"
EndProject
Project("{FAE04EC0-301F-11D3-BF4B-00C04F79EFBC}") = "SprayChronicle.QueryHandling.Test", "test\SprayChronicle.QueryHandling.Test\SprayChronicle.QueryHandling.Test.csproj", "{20A5EF09-A5E2-4C3D-A89D-576B2A8FDE4C}"
EndProject
Project("{FAE04EC0-301F-11D3-BF4B-00C04F79EFBC}") = "SprayChronicle.Server.Http.Test", "test\SprayChronicle.Server.Http.Test\SprayChronicle.Server.Http.Test.csproj", "{7E0F1F94-0862-4564-838E-FC5EB353843E}"
EndProject
Project("{FAE04EC0-301F-11D3-BF4B-00C04F79EFBC}") = "SprayChronicle.Server.Test", "test\SprayChronicle.Server.Test\SprayChronicle.Server.Test.csproj", "{E2FB4F70-BB40-42DB-9DA9-BEEA5F40E132}"
EndProject
Project("{FAE04EC0-301F-11D3-BF4B-00C04F79EFBC}") = "SprayChronicle.Testing.Test", "test\SprayChronicle.Testing.Test\SprayChronicle.Testing.Test.csproj", "{A21459BB-5372-4FF8-8F2B-E92C4D5BE38A}"
EndProject
Project("{FAE04EC0-301F-11D3-BF4B-00C04F79EFBC}") = "SprayChronicle.Persistence.Raven", "src\SprayChronicle.Persistence.Raven\SprayChronicle.Persistence.Raven.csproj", "{55DB892D-BDB1-4AAD-9C57-1219D5C5AD8E}"
EndProject
Project("{FAE04EC0-301F-11D3-BF4B-00C04F79EFBC}") = "SprayChronicle.Persistence.Raven.Test", "test\SprayChronicle.Persistence.Raven.Test\SprayChronicle.Persistence.Raven.Test.csproj", "{0FACD718-810E-427E-AB1D-4B9534C9444B}"
EndProject
Project("{FAE04EC0-301F-11D3-BF4B-00C04F79EFBC}") = "SprayChronicle.UI.Web", "src\SprayChronicle.UI.Web\SprayChronicle.UI.Web.csproj", "{0398CB60-61FA-441B-9B20-DE729ECE9D8C}"
EndProject
Global
	GlobalSection(SolutionConfigurationPlatforms) = preSolution
		Debug|Any CPU = Debug|Any CPU
		Debug|x64 = Debug|x64
		Debug|x86 = Debug|x86
		Release|Any CPU = Release|Any CPU
		Release|x64 = Release|x64
		Release|x86 = Release|x86
	EndGlobalSection
	GlobalSection(SolutionProperties) = preSolution
		HideSolutionNode = FALSE
	EndGlobalSection
	GlobalSection(ProjectConfigurationPlatforms) = postSolution
		{6C0A0EC4-CBC9-4E70-AF81-2D2CCE179656}.Debug|Any CPU.ActiveCfg = Debug|Any CPU
		{6C0A0EC4-CBC9-4E70-AF81-2D2CCE179656}.Debug|Any CPU.Build.0 = Debug|Any CPU
		{6C0A0EC4-CBC9-4E70-AF81-2D2CCE179656}.Debug|x64.ActiveCfg = Debug|x64
		{6C0A0EC4-CBC9-4E70-AF81-2D2CCE179656}.Debug|x64.Build.0 = Debug|x64
		{6C0A0EC4-CBC9-4E70-AF81-2D2CCE179656}.Debug|x86.ActiveCfg = Debug|x86
		{6C0A0EC4-CBC9-4E70-AF81-2D2CCE179656}.Debug|x86.Build.0 = Debug|x86
		{6C0A0EC4-CBC9-4E70-AF81-2D2CCE179656}.Release|Any CPU.ActiveCfg = Release|Any CPU
		{6C0A0EC4-CBC9-4E70-AF81-2D2CCE179656}.Release|Any CPU.Build.0 = Release|Any CPU
		{6C0A0EC4-CBC9-4E70-AF81-2D2CCE179656}.Release|x64.ActiveCfg = Release|x64
		{6C0A0EC4-CBC9-4E70-AF81-2D2CCE179656}.Release|x64.Build.0 = Release|x64
		{6C0A0EC4-CBC9-4E70-AF81-2D2CCE179656}.Release|x86.ActiveCfg = Release|x86
		{6C0A0EC4-CBC9-4E70-AF81-2D2CCE179656}.Release|x86.Build.0 = Release|x86
		{C48C268B-C01C-45E6-9EAE-E1E4C7371180}.Debug|Any CPU.ActiveCfg = Debug|Any CPU
		{C48C268B-C01C-45E6-9EAE-E1E4C7371180}.Debug|Any CPU.Build.0 = Debug|Any CPU
		{C48C268B-C01C-45E6-9EAE-E1E4C7371180}.Debug|x64.ActiveCfg = Debug|x64
		{C48C268B-C01C-45E6-9EAE-E1E4C7371180}.Debug|x64.Build.0 = Debug|x64
		{C48C268B-C01C-45E6-9EAE-E1E4C7371180}.Debug|x86.ActiveCfg = Debug|x86
		{C48C268B-C01C-45E6-9EAE-E1E4C7371180}.Debug|x86.Build.0 = Debug|x86
		{C48C268B-C01C-45E6-9EAE-E1E4C7371180}.Release|Any CPU.ActiveCfg = Release|Any CPU
		{C48C268B-C01C-45E6-9EAE-E1E4C7371180}.Release|Any CPU.Build.0 = Release|Any CPU
		{C48C268B-C01C-45E6-9EAE-E1E4C7371180}.Release|x64.ActiveCfg = Release|x64
		{C48C268B-C01C-45E6-9EAE-E1E4C7371180}.Release|x64.Build.0 = Release|x64
		{C48C268B-C01C-45E6-9EAE-E1E4C7371180}.Release|x86.ActiveCfg = Release|x86
		{C48C268B-C01C-45E6-9EAE-E1E4C7371180}.Release|x86.Build.0 = Release|x86
		{EBFC2DF1-2EF6-4FB2-9418-5E66C5169A39}.Debug|Any CPU.ActiveCfg = Debug|Any CPU
		{EBFC2DF1-2EF6-4FB2-9418-5E66C5169A39}.Debug|Any CPU.Build.0 = Debug|Any CPU
		{EBFC2DF1-2EF6-4FB2-9418-5E66C5169A39}.Debug|x64.ActiveCfg = Debug|x64
		{EBFC2DF1-2EF6-4FB2-9418-5E66C5169A39}.Debug|x64.Build.0 = Debug|x64
		{EBFC2DF1-2EF6-4FB2-9418-5E66C5169A39}.Debug|x86.ActiveCfg = Debug|x86
		{EBFC2DF1-2EF6-4FB2-9418-5E66C5169A39}.Debug|x86.Build.0 = Debug|x86
		{EBFC2DF1-2EF6-4FB2-9418-5E66C5169A39}.Release|Any CPU.ActiveCfg = Release|Any CPU
		{EBFC2DF1-2EF6-4FB2-9418-5E66C5169A39}.Release|Any CPU.Build.0 = Release|Any CPU
		{EBFC2DF1-2EF6-4FB2-9418-5E66C5169A39}.Release|x64.ActiveCfg = Release|x64
		{EBFC2DF1-2EF6-4FB2-9418-5E66C5169A39}.Release|x64.Build.0 = Release|x64
		{EBFC2DF1-2EF6-4FB2-9418-5E66C5169A39}.Release|x86.ActiveCfg = Release|x86
		{EBFC2DF1-2EF6-4FB2-9418-5E66C5169A39}.Release|x86.Build.0 = Release|x86
		{439BA650-8EFF-4AD2-887F-D5ADA57920C7}.Debug|Any CPU.ActiveCfg = Debug|Any CPU
		{439BA650-8EFF-4AD2-887F-D5ADA57920C7}.Debug|Any CPU.Build.0 = Debug|Any CPU
		{439BA650-8EFF-4AD2-887F-D5ADA57920C7}.Debug|x64.ActiveCfg = Debug|x64
		{439BA650-8EFF-4AD2-887F-D5ADA57920C7}.Debug|x64.Build.0 = Debug|x64
		{439BA650-8EFF-4AD2-887F-D5ADA57920C7}.Debug|x86.ActiveCfg = Debug|x86
		{439BA650-8EFF-4AD2-887F-D5ADA57920C7}.Debug|x86.Build.0 = Debug|x86
		{439BA650-8EFF-4AD2-887F-D5ADA57920C7}.Release|Any CPU.ActiveCfg = Release|Any CPU
		{439BA650-8EFF-4AD2-887F-D5ADA57920C7}.Release|Any CPU.Build.0 = Release|Any CPU
		{439BA650-8EFF-4AD2-887F-D5ADA57920C7}.Release|x64.ActiveCfg = Release|x64
		{439BA650-8EFF-4AD2-887F-D5ADA57920C7}.Release|x64.Build.0 = Release|x64
		{439BA650-8EFF-4AD2-887F-D5ADA57920C7}.Release|x86.ActiveCfg = Release|x86
		{439BA650-8EFF-4AD2-887F-D5ADA57920C7}.Release|x86.Build.0 = Release|x86
		{E9807AA2-BA01-47EC-89EB-52884AC3A884}.Debug|Any CPU.ActiveCfg = Debug|Any CPU
		{E9807AA2-BA01-47EC-89EB-52884AC3A884}.Debug|Any CPU.Build.0 = Debug|Any CPU
		{E9807AA2-BA01-47EC-89EB-52884AC3A884}.Debug|x64.ActiveCfg = Debug|x64
		{E9807AA2-BA01-47EC-89EB-52884AC3A884}.Debug|x64.Build.0 = Debug|x64
		{E9807AA2-BA01-47EC-89EB-52884AC3A884}.Debug|x86.ActiveCfg = Debug|x86
		{E9807AA2-BA01-47EC-89EB-52884AC3A884}.Debug|x86.Build.0 = Debug|x86
		{E9807AA2-BA01-47EC-89EB-52884AC3A884}.Release|Any CPU.ActiveCfg = Release|Any CPU
		{E9807AA2-BA01-47EC-89EB-52884AC3A884}.Release|Any CPU.Build.0 = Release|Any CPU
		{E9807AA2-BA01-47EC-89EB-52884AC3A884}.Release|x64.ActiveCfg = Release|x64
		{E9807AA2-BA01-47EC-89EB-52884AC3A884}.Release|x64.Build.0 = Release|x64
		{E9807AA2-BA01-47EC-89EB-52884AC3A884}.Release|x86.ActiveCfg = Release|x86
		{E9807AA2-BA01-47EC-89EB-52884AC3A884}.Release|x86.Build.0 = Release|x86
		{BA17235E-B83C-4133-98ED-1B6DA136313C}.Debug|Any CPU.ActiveCfg = Debug|Any CPU
		{BA17235E-B83C-4133-98ED-1B6DA136313C}.Debug|Any CPU.Build.0 = Debug|Any CPU
		{BA17235E-B83C-4133-98ED-1B6DA136313C}.Debug|x64.ActiveCfg = Debug|x64
		{BA17235E-B83C-4133-98ED-1B6DA136313C}.Debug|x64.Build.0 = Debug|x64
		{BA17235E-B83C-4133-98ED-1B6DA136313C}.Debug|x86.ActiveCfg = Debug|x86
		{BA17235E-B83C-4133-98ED-1B6DA136313C}.Debug|x86.Build.0 = Debug|x86
		{BA17235E-B83C-4133-98ED-1B6DA136313C}.Release|Any CPU.ActiveCfg = Release|Any CPU
		{BA17235E-B83C-4133-98ED-1B6DA136313C}.Release|Any CPU.Build.0 = Release|Any CPU
		{BA17235E-B83C-4133-98ED-1B6DA136313C}.Release|x64.ActiveCfg = Release|x64
		{BA17235E-B83C-4133-98ED-1B6DA136313C}.Release|x64.Build.0 = Release|x64
		{BA17235E-B83C-4133-98ED-1B6DA136313C}.Release|x86.ActiveCfg = Release|x86
		{BA17235E-B83C-4133-98ED-1B6DA136313C}.Release|x86.Build.0 = Release|x86
		{24B1CE1F-632A-4685-9EDD-3E74E7E176D1}.Debug|Any CPU.ActiveCfg = Debug|Any CPU
		{24B1CE1F-632A-4685-9EDD-3E74E7E176D1}.Debug|Any CPU.Build.0 = Debug|Any CPU
		{24B1CE1F-632A-4685-9EDD-3E74E7E176D1}.Debug|x64.ActiveCfg = Debug|x64
		{24B1CE1F-632A-4685-9EDD-3E74E7E176D1}.Debug|x64.Build.0 = Debug|x64
		{24B1CE1F-632A-4685-9EDD-3E74E7E176D1}.Debug|x86.ActiveCfg = Debug|x86
		{24B1CE1F-632A-4685-9EDD-3E74E7E176D1}.Debug|x86.Build.0 = Debug|x86
		{24B1CE1F-632A-4685-9EDD-3E74E7E176D1}.Release|Any CPU.ActiveCfg = Release|Any CPU
		{24B1CE1F-632A-4685-9EDD-3E74E7E176D1}.Release|Any CPU.Build.0 = Release|Any CPU
		{24B1CE1F-632A-4685-9EDD-3E74E7E176D1}.Release|x64.ActiveCfg = Release|x64
		{24B1CE1F-632A-4685-9EDD-3E74E7E176D1}.Release|x64.Build.0 = Release|x64
		{24B1CE1F-632A-4685-9EDD-3E74E7E176D1}.Release|x86.ActiveCfg = Release|x86
		{24B1CE1F-632A-4685-9EDD-3E74E7E176D1}.Release|x86.Build.0 = Release|x86
		{23188493-7998-4803-8480-8DF932EEDD3E}.Debug|Any CPU.ActiveCfg = Debug|Any CPU
		{23188493-7998-4803-8480-8DF932EEDD3E}.Debug|Any CPU.Build.0 = Debug|Any CPU
		{23188493-7998-4803-8480-8DF932EEDD3E}.Debug|x64.ActiveCfg = Debug|x64
		{23188493-7998-4803-8480-8DF932EEDD3E}.Debug|x64.Build.0 = Debug|x64
		{23188493-7998-4803-8480-8DF932EEDD3E}.Debug|x86.ActiveCfg = Debug|x86
		{23188493-7998-4803-8480-8DF932EEDD3E}.Debug|x86.Build.0 = Debug|x86
		{23188493-7998-4803-8480-8DF932EEDD3E}.Release|Any CPU.ActiveCfg = Release|Any CPU
		{23188493-7998-4803-8480-8DF932EEDD3E}.Release|Any CPU.Build.0 = Release|Any CPU
		{23188493-7998-4803-8480-8DF932EEDD3E}.Release|x64.ActiveCfg = Release|x64
		{23188493-7998-4803-8480-8DF932EEDD3E}.Release|x64.Build.0 = Release|x64
		{23188493-7998-4803-8480-8DF932EEDD3E}.Release|x86.ActiveCfg = Release|x86
		{23188493-7998-4803-8480-8DF932EEDD3E}.Release|x86.Build.0 = Release|x86
		{697559FC-6BE4-4617-8172-0D6A3B073F2B}.Debug|Any CPU.ActiveCfg = Debug|Any CPU
		{697559FC-6BE4-4617-8172-0D6A3B073F2B}.Debug|Any CPU.Build.0 = Debug|Any CPU
		{697559FC-6BE4-4617-8172-0D6A3B073F2B}.Debug|x64.ActiveCfg = Debug|x64
		{697559FC-6BE4-4617-8172-0D6A3B073F2B}.Debug|x64.Build.0 = Debug|x64
		{697559FC-6BE4-4617-8172-0D6A3B073F2B}.Debug|x86.ActiveCfg = Debug|x86
		{697559FC-6BE4-4617-8172-0D6A3B073F2B}.Debug|x86.Build.0 = Debug|x86
		{697559FC-6BE4-4617-8172-0D6A3B073F2B}.Release|Any CPU.ActiveCfg = Release|Any CPU
		{697559FC-6BE4-4617-8172-0D6A3B073F2B}.Release|Any CPU.Build.0 = Release|Any CPU
		{697559FC-6BE4-4617-8172-0D6A3B073F2B}.Release|x64.ActiveCfg = Release|x64
		{697559FC-6BE4-4617-8172-0D6A3B073F2B}.Release|x64.Build.0 = Release|x64
		{697559FC-6BE4-4617-8172-0D6A3B073F2B}.Release|x86.ActiveCfg = Release|x86
		{697559FC-6BE4-4617-8172-0D6A3B073F2B}.Release|x86.Build.0 = Release|x86
		{8A2E362B-923A-4390-8B80-585E55446222}.Debug|Any CPU.ActiveCfg = Debug|Any CPU
		{8A2E362B-923A-4390-8B80-585E55446222}.Debug|Any CPU.Build.0 = Debug|Any CPU
		{8A2E362B-923A-4390-8B80-585E55446222}.Debug|x64.ActiveCfg = Debug|x64
		{8A2E362B-923A-4390-8B80-585E55446222}.Debug|x64.Build.0 = Debug|x64
		{8A2E362B-923A-4390-8B80-585E55446222}.Debug|x86.ActiveCfg = Debug|x86
		{8A2E362B-923A-4390-8B80-585E55446222}.Debug|x86.Build.0 = Debug|x86
		{8A2E362B-923A-4390-8B80-585E55446222}.Release|Any CPU.ActiveCfg = Release|Any CPU
		{8A2E362B-923A-4390-8B80-585E55446222}.Release|Any CPU.Build.0 = Release|Any CPU
		{8A2E362B-923A-4390-8B80-585E55446222}.Release|x64.ActiveCfg = Release|x64
		{8A2E362B-923A-4390-8B80-585E55446222}.Release|x64.Build.0 = Release|x64
		{8A2E362B-923A-4390-8B80-585E55446222}.Release|x86.ActiveCfg = Release|x86
		{8A2E362B-923A-4390-8B80-585E55446222}.Release|x86.Build.0 = Release|x86
		{E5BE878D-076C-450B-BC10-C4C6AF7F11DD}.Debug|Any CPU.ActiveCfg = Debug|Any CPU
		{E5BE878D-076C-450B-BC10-C4C6AF7F11DD}.Debug|Any CPU.Build.0 = Debug|Any CPU
		{E5BE878D-076C-450B-BC10-C4C6AF7F11DD}.Debug|x64.ActiveCfg = Debug|x64
		{E5BE878D-076C-450B-BC10-C4C6AF7F11DD}.Debug|x64.Build.0 = Debug|x64
		{E5BE878D-076C-450B-BC10-C4C6AF7F11DD}.Debug|x86.ActiveCfg = Debug|x86
		{E5BE878D-076C-450B-BC10-C4C6AF7F11DD}.Debug|x86.Build.0 = Debug|x86
		{E5BE878D-076C-450B-BC10-C4C6AF7F11DD}.Release|Any CPU.ActiveCfg = Release|Any CPU
		{E5BE878D-076C-450B-BC10-C4C6AF7F11DD}.Release|Any CPU.Build.0 = Release|Any CPU
		{E5BE878D-076C-450B-BC10-C4C6AF7F11DD}.Release|x64.ActiveCfg = Release|x64
		{E5BE878D-076C-450B-BC10-C4C6AF7F11DD}.Release|x64.Build.0 = Release|x64
		{E5BE878D-076C-450B-BC10-C4C6AF7F11DD}.Release|x86.ActiveCfg = Release|x86
		{E5BE878D-076C-450B-BC10-C4C6AF7F11DD}.Release|x86.Build.0 = Release|x86
		{7F65F213-9DCA-454B-887A-3AF72B8FD31F}.Debug|Any CPU.ActiveCfg = Debug|Any CPU
		{7F65F213-9DCA-454B-887A-3AF72B8FD31F}.Debug|Any CPU.Build.0 = Debug|Any CPU
		{7F65F213-9DCA-454B-887A-3AF72B8FD31F}.Debug|x64.ActiveCfg = Debug|x64
		{7F65F213-9DCA-454B-887A-3AF72B8FD31F}.Debug|x64.Build.0 = Debug|x64
		{7F65F213-9DCA-454B-887A-3AF72B8FD31F}.Debug|x86.ActiveCfg = Debug|x86
		{7F65F213-9DCA-454B-887A-3AF72B8FD31F}.Debug|x86.Build.0 = Debug|x86
		{7F65F213-9DCA-454B-887A-3AF72B8FD31F}.Release|Any CPU.ActiveCfg = Release|Any CPU
		{7F65F213-9DCA-454B-887A-3AF72B8FD31F}.Release|Any CPU.Build.0 = Release|Any CPU
		{7F65F213-9DCA-454B-887A-3AF72B8FD31F}.Release|x64.ActiveCfg = Release|x64
		{7F65F213-9DCA-454B-887A-3AF72B8FD31F}.Release|x64.Build.0 = Release|x64
		{7F65F213-9DCA-454B-887A-3AF72B8FD31F}.Release|x86.ActiveCfg = Release|x86
		{7F65F213-9DCA-454B-887A-3AF72B8FD31F}.Release|x86.Build.0 = Release|x86
		{0D8DAB2D-858D-41E6-A25B-6E513D0A389D}.Debug|Any CPU.ActiveCfg = Debug|Any CPU
		{0D8DAB2D-858D-41E6-A25B-6E513D0A389D}.Debug|Any CPU.Build.0 = Debug|Any CPU
		{0D8DAB2D-858D-41E6-A25B-6E513D0A389D}.Debug|x64.ActiveCfg = Debug|x64
		{0D8DAB2D-858D-41E6-A25B-6E513D0A389D}.Debug|x64.Build.0 = Debug|x64
		{0D8DAB2D-858D-41E6-A25B-6E513D0A389D}.Debug|x86.ActiveCfg = Debug|x86
		{0D8DAB2D-858D-41E6-A25B-6E513D0A389D}.Debug|x86.Build.0 = Debug|x86
		{0D8DAB2D-858D-41E6-A25B-6E513D0A389D}.Release|Any CPU.ActiveCfg = Release|Any CPU
		{0D8DAB2D-858D-41E6-A25B-6E513D0A389D}.Release|Any CPU.Build.0 = Release|Any CPU
		{0D8DAB2D-858D-41E6-A25B-6E513D0A389D}.Release|x64.ActiveCfg = Release|x64
		{0D8DAB2D-858D-41E6-A25B-6E513D0A389D}.Release|x64.Build.0 = Release|x64
		{0D8DAB2D-858D-41E6-A25B-6E513D0A389D}.Release|x86.ActiveCfg = Release|x86
		{0D8DAB2D-858D-41E6-A25B-6E513D0A389D}.Release|x86.Build.0 = Release|x86
		{57336ABA-1C92-4C96-8E1D-6CD691AE5A72}.Debug|Any CPU.ActiveCfg = Debug|Any CPU
		{57336ABA-1C92-4C96-8E1D-6CD691AE5A72}.Debug|Any CPU.Build.0 = Debug|Any CPU
		{57336ABA-1C92-4C96-8E1D-6CD691AE5A72}.Debug|x64.ActiveCfg = Debug|x64
		{57336ABA-1C92-4C96-8E1D-6CD691AE5A72}.Debug|x64.Build.0 = Debug|x64
		{57336ABA-1C92-4C96-8E1D-6CD691AE5A72}.Debug|x86.ActiveCfg = Debug|x86
		{57336ABA-1C92-4C96-8E1D-6CD691AE5A72}.Debug|x86.Build.0 = Debug|x86
		{57336ABA-1C92-4C96-8E1D-6CD691AE5A72}.Release|Any CPU.ActiveCfg = Release|Any CPU
		{57336ABA-1C92-4C96-8E1D-6CD691AE5A72}.Release|Any CPU.Build.0 = Release|Any CPU
		{57336ABA-1C92-4C96-8E1D-6CD691AE5A72}.Release|x64.ActiveCfg = Release|x64
		{57336ABA-1C92-4C96-8E1D-6CD691AE5A72}.Release|x64.Build.0 = Release|x64
		{57336ABA-1C92-4C96-8E1D-6CD691AE5A72}.Release|x86.ActiveCfg = Release|x86
		{57336ABA-1C92-4C96-8E1D-6CD691AE5A72}.Release|x86.Build.0 = Release|x86
		{BFA4BA69-15F5-4248-9418-900387C51172}.Debug|Any CPU.ActiveCfg = Debug|Any CPU
		{BFA4BA69-15F5-4248-9418-900387C51172}.Debug|Any CPU.Build.0 = Debug|Any CPU
		{BFA4BA69-15F5-4248-9418-900387C51172}.Debug|x64.ActiveCfg = Debug|x64
		{BFA4BA69-15F5-4248-9418-900387C51172}.Debug|x64.Build.0 = Debug|x64
		{BFA4BA69-15F5-4248-9418-900387C51172}.Debug|x86.ActiveCfg = Debug|x86
		{BFA4BA69-15F5-4248-9418-900387C51172}.Debug|x86.Build.0 = Debug|x86
		{BFA4BA69-15F5-4248-9418-900387C51172}.Release|Any CPU.ActiveCfg = Release|Any CPU
		{BFA4BA69-15F5-4248-9418-900387C51172}.Release|Any CPU.Build.0 = Release|Any CPU
		{BFA4BA69-15F5-4248-9418-900387C51172}.Release|x64.ActiveCfg = Release|x64
		{BFA4BA69-15F5-4248-9418-900387C51172}.Release|x64.Build.0 = Release|x64
		{BFA4BA69-15F5-4248-9418-900387C51172}.Release|x86.ActiveCfg = Release|x86
		{BFA4BA69-15F5-4248-9418-900387C51172}.Release|x86.Build.0 = Release|x86
		{21C953C2-2ADA-423C-86DD-BD077FE00D6F}.Debug|Any CPU.ActiveCfg = Debug|Any CPU
		{21C953C2-2ADA-423C-86DD-BD077FE00D6F}.Debug|Any CPU.Build.0 = Debug|Any CPU
		{21C953C2-2ADA-423C-86DD-BD077FE00D6F}.Debug|x64.ActiveCfg = Debug|x64
		{21C953C2-2ADA-423C-86DD-BD077FE00D6F}.Debug|x64.Build.0 = Debug|x64
		{21C953C2-2ADA-423C-86DD-BD077FE00D6F}.Debug|x86.ActiveCfg = Debug|x86
		{21C953C2-2ADA-423C-86DD-BD077FE00D6F}.Debug|x86.Build.0 = Debug|x86
		{21C953C2-2ADA-423C-86DD-BD077FE00D6F}.Release|Any CPU.ActiveCfg = Release|Any CPU
		{21C953C2-2ADA-423C-86DD-BD077FE00D6F}.Release|Any CPU.Build.0 = Release|Any CPU
		{21C953C2-2ADA-423C-86DD-BD077FE00D6F}.Release|x64.ActiveCfg = Release|x64
		{21C953C2-2ADA-423C-86DD-BD077FE00D6F}.Release|x64.Build.0 = Release|x64
		{21C953C2-2ADA-423C-86DD-BD077FE00D6F}.Release|x86.ActiveCfg = Release|x86
		{21C953C2-2ADA-423C-86DD-BD077FE00D6F}.Release|x86.Build.0 = Release|x86
		{BF2C3869-75BC-46F5-96EB-D075A03E4D35}.Debug|Any CPU.ActiveCfg = Debug|Any CPU
		{BF2C3869-75BC-46F5-96EB-D075A03E4D35}.Debug|Any CPU.Build.0 = Debug|Any CPU
		{BF2C3869-75BC-46F5-96EB-D075A03E4D35}.Debug|x64.ActiveCfg = Debug|x64
		{BF2C3869-75BC-46F5-96EB-D075A03E4D35}.Debug|x64.Build.0 = Debug|x64
		{BF2C3869-75BC-46F5-96EB-D075A03E4D35}.Debug|x86.ActiveCfg = Debug|x86
		{BF2C3869-75BC-46F5-96EB-D075A03E4D35}.Debug|x86.Build.0 = Debug|x86
		{BF2C3869-75BC-46F5-96EB-D075A03E4D35}.Release|Any CPU.ActiveCfg = Release|Any CPU
		{BF2C3869-75BC-46F5-96EB-D075A03E4D35}.Release|Any CPU.Build.0 = Release|Any CPU
		{BF2C3869-75BC-46F5-96EB-D075A03E4D35}.Release|x64.ActiveCfg = Release|x64
		{BF2C3869-75BC-46F5-96EB-D075A03E4D35}.Release|x64.Build.0 = Release|x64
		{BF2C3869-75BC-46F5-96EB-D075A03E4D35}.Release|x86.ActiveCfg = Release|x86
		{BF2C3869-75BC-46F5-96EB-D075A03E4D35}.Release|x86.Build.0 = Release|x86
		{EB16FD90-8CED-44E8-80E1-E2ED1DD33834}.Debug|Any CPU.ActiveCfg = Debug|Any CPU
		{EB16FD90-8CED-44E8-80E1-E2ED1DD33834}.Debug|Any CPU.Build.0 = Debug|Any CPU
		{EB16FD90-8CED-44E8-80E1-E2ED1DD33834}.Debug|x64.ActiveCfg = Debug|x64
		{EB16FD90-8CED-44E8-80E1-E2ED1DD33834}.Debug|x64.Build.0 = Debug|x64
		{EB16FD90-8CED-44E8-80E1-E2ED1DD33834}.Debug|x86.ActiveCfg = Debug|x86
		{EB16FD90-8CED-44E8-80E1-E2ED1DD33834}.Debug|x86.Build.0 = Debug|x86
		{EB16FD90-8CED-44E8-80E1-E2ED1DD33834}.Release|Any CPU.ActiveCfg = Release|Any CPU
		{EB16FD90-8CED-44E8-80E1-E2ED1DD33834}.Release|Any CPU.Build.0 = Release|Any CPU
		{EB16FD90-8CED-44E8-80E1-E2ED1DD33834}.Release|x64.ActiveCfg = Release|x64
		{EB16FD90-8CED-44E8-80E1-E2ED1DD33834}.Release|x64.Build.0 = Release|x64
		{EB16FD90-8CED-44E8-80E1-E2ED1DD33834}.Release|x86.ActiveCfg = Release|x86
		{EB16FD90-8CED-44E8-80E1-E2ED1DD33834}.Release|x86.Build.0 = Release|x86
		{A1E80A32-E41A-40A5-A351-E284F25AD8BD}.Debug|Any CPU.ActiveCfg = Debug|Any CPU
		{A1E80A32-E41A-40A5-A351-E284F25AD8BD}.Debug|Any CPU.Build.0 = Debug|Any CPU
		{A1E80A32-E41A-40A5-A351-E284F25AD8BD}.Debug|x64.ActiveCfg = Debug|x64
		{A1E80A32-E41A-40A5-A351-E284F25AD8BD}.Debug|x64.Build.0 = Debug|x64
		{A1E80A32-E41A-40A5-A351-E284F25AD8BD}.Debug|x86.ActiveCfg = Debug|x86
		{A1E80A32-E41A-40A5-A351-E284F25AD8BD}.Debug|x86.Build.0 = Debug|x86
		{A1E80A32-E41A-40A5-A351-E284F25AD8BD}.Release|Any CPU.ActiveCfg = Release|Any CPU
		{A1E80A32-E41A-40A5-A351-E284F25AD8BD}.Release|Any CPU.Build.0 = Release|Any CPU
		{A1E80A32-E41A-40A5-A351-E284F25AD8BD}.Release|x64.ActiveCfg = Release|x64
		{A1E80A32-E41A-40A5-A351-E284F25AD8BD}.Release|x64.Build.0 = Release|x64
		{A1E80A32-E41A-40A5-A351-E284F25AD8BD}.Release|x86.ActiveCfg = Release|x86
		{A1E80A32-E41A-40A5-A351-E284F25AD8BD}.Release|x86.Build.0 = Release|x86
		{20A5EF09-A5E2-4C3D-A89D-576B2A8FDE4C}.Debug|Any CPU.ActiveCfg = Debug|Any CPU
		{20A5EF09-A5E2-4C3D-A89D-576B2A8FDE4C}.Debug|Any CPU.Build.0 = Debug|Any CPU
		{20A5EF09-A5E2-4C3D-A89D-576B2A8FDE4C}.Debug|x64.ActiveCfg = Debug|x64
		{20A5EF09-A5E2-4C3D-A89D-576B2A8FDE4C}.Debug|x64.Build.0 = Debug|x64
		{20A5EF09-A5E2-4C3D-A89D-576B2A8FDE4C}.Debug|x86.ActiveCfg = Debug|x86
		{20A5EF09-A5E2-4C3D-A89D-576B2A8FDE4C}.Debug|x86.Build.0 = Debug|x86
		{20A5EF09-A5E2-4C3D-A89D-576B2A8FDE4C}.Release|Any CPU.ActiveCfg = Release|Any CPU
		{20A5EF09-A5E2-4C3D-A89D-576B2A8FDE4C}.Release|Any CPU.Build.0 = Release|Any CPU
		{20A5EF09-A5E2-4C3D-A89D-576B2A8FDE4C}.Release|x64.ActiveCfg = Release|x64
		{20A5EF09-A5E2-4C3D-A89D-576B2A8FDE4C}.Release|x64.Build.0 = Release|x64
		{20A5EF09-A5E2-4C3D-A89D-576B2A8FDE4C}.Release|x86.ActiveCfg = Release|x86
		{20A5EF09-A5E2-4C3D-A89D-576B2A8FDE4C}.Release|x86.Build.0 = Release|x86
		{7E0F1F94-0862-4564-838E-FC5EB353843E}.Debug|Any CPU.ActiveCfg = Debug|Any CPU
		{7E0F1F94-0862-4564-838E-FC5EB353843E}.Debug|Any CPU.Build.0 = Debug|Any CPU
		{7E0F1F94-0862-4564-838E-FC5EB353843E}.Debug|x64.ActiveCfg = Debug|x64
		{7E0F1F94-0862-4564-838E-FC5EB353843E}.Debug|x64.Build.0 = Debug|x64
		{7E0F1F94-0862-4564-838E-FC5EB353843E}.Debug|x86.ActiveCfg = Debug|x86
		{7E0F1F94-0862-4564-838E-FC5EB353843E}.Debug|x86.Build.0 = Debug|x86
		{7E0F1F94-0862-4564-838E-FC5EB353843E}.Release|Any CPU.ActiveCfg = Release|Any CPU
		{7E0F1F94-0862-4564-838E-FC5EB353843E}.Release|Any CPU.Build.0 = Release|Any CPU
		{7E0F1F94-0862-4564-838E-FC5EB353843E}.Release|x64.ActiveCfg = Release|x64
		{7E0F1F94-0862-4564-838E-FC5EB353843E}.Release|x64.Build.0 = Release|x64
		{7E0F1F94-0862-4564-838E-FC5EB353843E}.Release|x86.ActiveCfg = Release|x86
		{7E0F1F94-0862-4564-838E-FC5EB353843E}.Release|x86.Build.0 = Release|x86
		{E2FB4F70-BB40-42DB-9DA9-BEEA5F40E132}.Debug|Any CPU.ActiveCfg = Debug|Any CPU
		{E2FB4F70-BB40-42DB-9DA9-BEEA5F40E132}.Debug|Any CPU.Build.0 = Debug|Any CPU
		{E2FB4F70-BB40-42DB-9DA9-BEEA5F40E132}.Debug|x64.ActiveCfg = Debug|x64
		{E2FB4F70-BB40-42DB-9DA9-BEEA5F40E132}.Debug|x64.Build.0 = Debug|x64
		{E2FB4F70-BB40-42DB-9DA9-BEEA5F40E132}.Debug|x86.ActiveCfg = Debug|x86
		{E2FB4F70-BB40-42DB-9DA9-BEEA5F40E132}.Debug|x86.Build.0 = Debug|x86
		{E2FB4F70-BB40-42DB-9DA9-BEEA5F40E132}.Release|Any CPU.ActiveCfg = Release|Any CPU
		{E2FB4F70-BB40-42DB-9DA9-BEEA5F40E132}.Release|Any CPU.Build.0 = Release|Any CPU
		{E2FB4F70-BB40-42DB-9DA9-BEEA5F40E132}.Release|x64.ActiveCfg = Release|x64
		{E2FB4F70-BB40-42DB-9DA9-BEEA5F40E132}.Release|x64.Build.0 = Release|x64
		{E2FB4F70-BB40-42DB-9DA9-BEEA5F40E132}.Release|x86.ActiveCfg = Release|x86
		{E2FB4F70-BB40-42DB-9DA9-BEEA5F40E132}.Release|x86.Build.0 = Release|x86
		{A21459BB-5372-4FF8-8F2B-E92C4D5BE38A}.Debug|Any CPU.ActiveCfg = Debug|Any CPU
		{A21459BB-5372-4FF8-8F2B-E92C4D5BE38A}.Debug|Any CPU.Build.0 = Debug|Any CPU
		{A21459BB-5372-4FF8-8F2B-E92C4D5BE38A}.Debug|x64.ActiveCfg = Debug|x64
		{A21459BB-5372-4FF8-8F2B-E92C4D5BE38A}.Debug|x64.Build.0 = Debug|x64
		{A21459BB-5372-4FF8-8F2B-E92C4D5BE38A}.Debug|x86.ActiveCfg = Debug|x86
		{A21459BB-5372-4FF8-8F2B-E92C4D5BE38A}.Debug|x86.Build.0 = Debug|x86
		{A21459BB-5372-4FF8-8F2B-E92C4D5BE38A}.Release|Any CPU.ActiveCfg = Release|Any CPU
		{A21459BB-5372-4FF8-8F2B-E92C4D5BE38A}.Release|Any CPU.Build.0 = Release|Any CPU
		{A21459BB-5372-4FF8-8F2B-E92C4D5BE38A}.Release|x64.ActiveCfg = Release|x64
		{A21459BB-5372-4FF8-8F2B-E92C4D5BE38A}.Release|x64.Build.0 = Release|x64
		{A21459BB-5372-4FF8-8F2B-E92C4D5BE38A}.Release|x86.ActiveCfg = Release|x86
		{A21459BB-5372-4FF8-8F2B-E92C4D5BE38A}.Release|x86.Build.0 = Release|x86
		{55DB892D-BDB1-4AAD-9C57-1219D5C5AD8E}.Debug|Any CPU.ActiveCfg = Debug|Any CPU
		{55DB892D-BDB1-4AAD-9C57-1219D5C5AD8E}.Debug|Any CPU.Build.0 = Debug|Any CPU
		{55DB892D-BDB1-4AAD-9C57-1219D5C5AD8E}.Debug|x64.ActiveCfg = Debug|Any CPU
		{55DB892D-BDB1-4AAD-9C57-1219D5C5AD8E}.Debug|x64.Build.0 = Debug|Any CPU
		{55DB892D-BDB1-4AAD-9C57-1219D5C5AD8E}.Debug|x86.ActiveCfg = Debug|Any CPU
		{55DB892D-BDB1-4AAD-9C57-1219D5C5AD8E}.Debug|x86.Build.0 = Debug|Any CPU
		{55DB892D-BDB1-4AAD-9C57-1219D5C5AD8E}.Release|Any CPU.ActiveCfg = Release|Any CPU
		{55DB892D-BDB1-4AAD-9C57-1219D5C5AD8E}.Release|Any CPU.Build.0 = Release|Any CPU
		{55DB892D-BDB1-4AAD-9C57-1219D5C5AD8E}.Release|x64.ActiveCfg = Release|Any CPU
		{55DB892D-BDB1-4AAD-9C57-1219D5C5AD8E}.Release|x64.Build.0 = Release|Any CPU
		{55DB892D-BDB1-4AAD-9C57-1219D5C5AD8E}.Release|x86.ActiveCfg = Release|Any CPU
		{55DB892D-BDB1-4AAD-9C57-1219D5C5AD8E}.Release|x86.Build.0 = Release|Any CPU
		{0FACD718-810E-427E-AB1D-4B9534C9444B}.Debug|Any CPU.ActiveCfg = Debug|Any CPU
		{0FACD718-810E-427E-AB1D-4B9534C9444B}.Debug|Any CPU.Build.0 = Debug|Any CPU
		{0FACD718-810E-427E-AB1D-4B9534C9444B}.Debug|x64.ActiveCfg = Debug|x64
		{0FACD718-810E-427E-AB1D-4B9534C9444B}.Debug|x64.Build.0 = Debug|x64
		{0FACD718-810E-427E-AB1D-4B9534C9444B}.Debug|x86.ActiveCfg = Debug|x86
		{0FACD718-810E-427E-AB1D-4B9534C9444B}.Debug|x86.Build.0 = Debug|x86
		{0FACD718-810E-427E-AB1D-4B9534C9444B}.Release|Any CPU.ActiveCfg = Release|Any CPU
		{0FACD718-810E-427E-AB1D-4B9534C9444B}.Release|Any CPU.Build.0 = Release|Any CPU
		{0FACD718-810E-427E-AB1D-4B9534C9444B}.Release|x64.ActiveCfg = Release|x64
		{0FACD718-810E-427E-AB1D-4B9534C9444B}.Release|x64.Build.0 = Release|x64
		{0FACD718-810E-427E-AB1D-4B9534C9444B}.Release|x86.ActiveCfg = Release|x86
		{0FACD718-810E-427E-AB1D-4B9534C9444B}.Release|x86.Build.0 = Release|x86
		{0398CB60-61FA-441B-9B20-DE729ECE9D8C}.Debug|Any CPU.ActiveCfg = Debug|Any CPU
		{0398CB60-61FA-441B-9B20-DE729ECE9D8C}.Debug|Any CPU.Build.0 = Debug|Any CPU
		{0398CB60-61FA-441B-9B20-DE729ECE9D8C}.Debug|x64.ActiveCfg = Debug|x64
		{0398CB60-61FA-441B-9B20-DE729ECE9D8C}.Debug|x64.Build.0 = Debug|x64
		{0398CB60-61FA-441B-9B20-DE729ECE9D8C}.Debug|x86.ActiveCfg = Debug|x86
		{0398CB60-61FA-441B-9B20-DE729ECE9D8C}.Debug|x86.Build.0 = Debug|x86
		{0398CB60-61FA-441B-9B20-DE729ECE9D8C}.Release|Any CPU.ActiveCfg = Release|Any CPU
		{0398CB60-61FA-441B-9B20-DE729ECE9D8C}.Release|Any CPU.Build.0 = Release|Any CPU
		{0398CB60-61FA-441B-9B20-DE729ECE9D8C}.Release|x64.ActiveCfg = Release|x64
		{0398CB60-61FA-441B-9B20-DE729ECE9D8C}.Release|x64.Build.0 = Release|x64
		{0398CB60-61FA-441B-9B20-DE729ECE9D8C}.Release|x86.ActiveCfg = Release|x86
		{0398CB60-61FA-441B-9B20-DE729ECE9D8C}.Release|x86.Build.0 = Release|x86
	EndGlobalSection
	GlobalSection(NestedProjects) = preSolution
		{6C0A0EC4-CBC9-4E70-AF81-2D2CCE179656} = {8B4E9B45-811B-499D-B996-F93C022C965B}
		{7F65F213-9DCA-454B-887A-3AF72B8FD31F} = {B20789C9-C214-41E2-98EC-23A2178C3E75}
		{C48C268B-C01C-45E6-9EAE-E1E4C7371180} = {8B4E9B45-811B-499D-B996-F93C022C965B}
		{0D8DAB2D-858D-41E6-A25B-6E513D0A389D} = {B20789C9-C214-41E2-98EC-23A2178C3E75}
		{EBFC2DF1-2EF6-4FB2-9418-5E66C5169A39} = {8B4E9B45-811B-499D-B996-F93C022C965B}
		{57336ABA-1C92-4C96-8E1D-6CD691AE5A72} = {B20789C9-C214-41E2-98EC-23A2178C3E75}
		{439BA650-8EFF-4AD2-887F-D5ADA57920C7} = {8B4E9B45-811B-499D-B996-F93C022C965B}
		{BFA4BA69-15F5-4248-9418-900387C51172} = {B20789C9-C214-41E2-98EC-23A2178C3E75}
		{E9807AA2-BA01-47EC-89EB-52884AC3A884} = {8B4E9B45-811B-499D-B996-F93C022C965B}
		{21C953C2-2ADA-423C-86DD-BD077FE00D6F} = {B20789C9-C214-41E2-98EC-23A2178C3E75}
		{BA17235E-B83C-4133-98ED-1B6DA136313C} = {8B4E9B45-811B-499D-B996-F93C022C965B}
		{EB16FD90-8CED-44E8-80E1-E2ED1DD33834} = {B20789C9-C214-41E2-98EC-23A2178C3E75}
		{24B1CE1F-632A-4685-9EDD-3E74E7E176D1} = {8B4E9B45-811B-499D-B996-F93C022C965B}
		{A1E80A32-E41A-40A5-A351-E284F25AD8BD} = {B20789C9-C214-41E2-98EC-23A2178C3E75}
		{55DB892D-BDB1-4AAD-9C57-1219D5C5AD8E} = {8B4E9B45-811B-499D-B996-F93C022C965B}
		{0FACD718-810E-427E-AB1D-4B9534C9444B} = {B20789C9-C214-41E2-98EC-23A2178C3E75}
		{23188493-7998-4803-8480-8DF932EEDD3E} = {8B4E9B45-811B-499D-B996-F93C022C965B}
		{20A5EF09-A5E2-4C3D-A89D-576B2A8FDE4C} = {B20789C9-C214-41E2-98EC-23A2178C3E75}
		{697559FC-6BE4-4617-8172-0D6A3B073F2B} = {8B4E9B45-811B-499D-B996-F93C022C965B}
		{8A2E362B-923A-4390-8B80-585E55446222} = {8B4E9B45-811B-499D-B996-F93C022C965B}
		{7E0F1F94-0862-4564-838E-FC5EB353843E} = {B20789C9-C214-41E2-98EC-23A2178C3E75}
		{E2FB4F70-BB40-42DB-9DA9-BEEA5F40E132} = {B20789C9-C214-41E2-98EC-23A2178C3E75}
		{E5BE878D-076C-450B-BC10-C4C6AF7F11DD} = {8B4E9B45-811B-499D-B996-F93C022C965B}
		{A21459BB-5372-4FF8-8F2B-E92C4D5BE38A} = {B20789C9-C214-41E2-98EC-23A2178C3E75}
		{0398CB60-61FA-441B-9B20-DE729ECE9D8C} = {8B4E9B45-811B-499D-B996-F93C022C965B}
	EndGlobalSection
EndGlobal
