
Microsoft Visual Studio Solution File, Format Version 12.00
# Visual Studio 15
VisualStudioVersion = 15.0.26124.0
MinimumVisualStudioVersion = 15.0.26124.0
Project("{FAE04EC0-301F-11D3-BF4B-00C04F79EFBC}") = "SprayChronicle", "SprayChronicle\SprayChronicle.csproj", "{F52EA3F1-23F7-495B-AE46-3F583EB254E9}"
EndProject
Project("{FAE04EC0-301F-11D3-BF4B-00C04F79EFBC}") = "SprayChronicle.Mongo", "SprayChronicle.Mongo\SprayChronicle.Mongo.csproj", "{0ECFE023-4B83-46DB-A77F-6F0C2F1ABBC6}"
EndProject
Project("{FAE04EC0-301F-11D3-BF4B-00C04F79EFBC}") = "SprayChronicle.Test", "SprayChronicle.Test\SprayChronicle.Test.csproj", "{5EDE1A32-A52A-4C22-A9D4-59E852D21215}"
EndProject
Project("{FAE04EC0-301F-11D3-BF4B-00C04F79EFBC}") = "SprayChronicle.Mongo.Test", "SprayChronicle.Mongo.Test\SprayChronicle.Mongo.Test.csproj", "{B03E3143-C202-4D86-AEDA-7A9512DE0980}"
EndProject
Global
	GlobalSection(SolutionConfigurationPlatforms) = preSolution
		Debug|Any CPU = Debug|Any CPU
		Debug|x64 = Debug|x64
		Debug|x86 = Debug|x86
		Release|Any CPU = Release|Any CPU
		Release|x64 = Release|x64
		Release|x86 = Release|x86
	EndGlobalSection
	GlobalSection(SolutionProperties) = preSolution
		HideSolutionNode = FALSE
	EndGlobalSection
	GlobalSection(ProjectConfigurationPlatforms) = postSolution
		{F52EA3F1-23F7-495B-AE46-3F583EB254E9}.Debug|Any CPU.ActiveCfg = Debug|Any CPU
		{F52EA3F1-23F7-495B-AE46-3F583EB254E9}.Debug|Any CPU.Build.0 = Debug|Any CPU
		{F52EA3F1-23F7-495B-AE46-3F583EB254E9}.Debug|x64.ActiveCfg = Debug|Any CPU
		{F52EA3F1-23F7-495B-AE46-3F583EB254E9}.Debug|x64.Build.0 = Debug|Any CPU
		{F52EA3F1-23F7-495B-AE46-3F583EB254E9}.Debug|x86.ActiveCfg = Debug|Any CPU
		{F52EA3F1-23F7-495B-AE46-3F583EB254E9}.Debug|x86.Build.0 = Debug|Any CPU
		{F52EA3F1-23F7-495B-AE46-3F583EB254E9}.Release|Any CPU.ActiveCfg = Release|Any CPU
		{F52EA3F1-23F7-495B-AE46-3F583EB254E9}.Release|Any CPU.Build.0 = Release|Any CPU
		{F52EA3F1-23F7-495B-AE46-3F583EB254E9}.Release|x64.ActiveCfg = Release|Any CPU
		{F52EA3F1-23F7-495B-AE46-3F583EB254E9}.Release|x64.Build.0 = Release|Any CPU
		{F52EA3F1-23F7-495B-AE46-3F583EB254E9}.Release|x86.ActiveCfg = Release|Any CPU
		{F52EA3F1-23F7-495B-AE46-3F583EB254E9}.Release|x86.Build.0 = Release|Any CPU
		{0ECFE023-4B83-46DB-A77F-6F0C2F1ABBC6}.Debug|Any CPU.ActiveCfg = Debug|Any CPU
		{0ECFE023-4B83-46DB-A77F-6F0C2F1ABBC6}.Debug|Any CPU.Build.0 = Debug|Any CPU
		{0ECFE023-4B83-46DB-A77F-6F0C2F1ABBC6}.Debug|x64.ActiveCfg = Debug|Any CPU
		{0ECFE023-4B83-46DB-A77F-6F0C2F1ABBC6}.Debug|x64.Build.0 = Debug|Any CPU
		{0ECFE023-4B83-46DB-A77F-6F0C2F1ABBC6}.Debug|x86.ActiveCfg = Debug|Any CPU
		{0ECFE023-4B83-46DB-A77F-6F0C2F1ABBC6}.Debug|x86.Build.0 = Debug|Any CPU
		{0ECFE023-4B83-46DB-A77F-6F0C2F1ABBC6}.Release|Any CPU.ActiveCfg = Release|Any CPU
		{0ECFE023-4B83-46DB-A77F-6F0C2F1ABBC6}.Release|Any CPU.Build.0 = Release|Any CPU
		{0ECFE023-4B83-46DB-A77F-6F0C2F1ABBC6}.Release|x64.ActiveCfg = Release|Any CPU
		{0ECFE023-4B83-46DB-A77F-6F0C2F1ABBC6}.Release|x64.Build.0 = Release|Any CPU
		{0ECFE023-4B83-46DB-A77F-6F0C2F1ABBC6}.Release|x86.ActiveCfg = Release|Any CPU
		{0ECFE023-4B83-46DB-A77F-6F0C2F1ABBC6}.Release|x86.Build.0 = Release|Any CPU
		{5EDE1A32-A52A-4C22-A9D4-59E852D21215}.Debug|Any CPU.ActiveCfg = Debug|Any CPU
		{5EDE1A32-A52A-4C22-A9D4-59E852D21215}.Debug|Any CPU.Build.0 = Debug|Any CPU
		{5EDE1A32-A52A-4C22-A9D4-59E852D21215}.Debug|x64.ActiveCfg = Debug|Any CPU
		{5EDE1A32-A52A-4C22-A9D4-59E852D21215}.Debug|x64.Build.0 = Debug|Any CPU
		{5EDE1A32-A52A-4C22-A9D4-59E852D21215}.Debug|x86.ActiveCfg = Debug|Any CPU
		{5EDE1A32-A52A-4C22-A9D4-59E852D21215}.Debug|x86.Build.0 = Debug|Any CPU
		{5EDE1A32-A52A-4C22-A9D4-59E852D21215}.Release|Any CPU.ActiveCfg = Release|Any CPU
		{5EDE1A32-A52A-4C22-A9D4-59E852D21215}.Release|Any CPU.Build.0 = Release|Any CPU
		{5EDE1A32-A52A-4C22-A9D4-59E852D21215}.Release|x64.ActiveCfg = Release|Any CPU
		{5EDE1A32-A52A-4C22-A9D4-59E852D21215}.Release|x64.Build.0 = Release|Any CPU
		{5EDE1A32-A52A-4C22-A9D4-59E852D21215}.Release|x86.ActiveCfg = Release|Any CPU
		{5EDE1A32-A52A-4C22-A9D4-59E852D21215}.Release|x86.Build.0 = Release|Any CPU
		{B03E3143-C202-4D86-AEDA-7A9512DE0980}.Debug|Any CPU.ActiveCfg = Debug|Any CPU
		{B03E3143-C202-4D86-AEDA-7A9512DE0980}.Debug|Any CPU.Build.0 = Debug|Any CPU
		{B03E3143-C202-4D86-AEDA-7A9512DE0980}.Debug|x64.ActiveCfg = Debug|Any CPU
		{B03E3143-C202-4D86-AEDA-7A9512DE0980}.Debug|x64.Build.0 = Debug|Any CPU
		{B03E3143-C202-4D86-AEDA-7A9512DE0980}.Debug|x86.ActiveCfg = Debug|Any CPU
		{B03E3143-C202-4D86-AEDA-7A9512DE0980}.Debug|x86.Build.0 = Debug|Any CPU
		{B03E3143-C202-4D86-AEDA-7A9512DE0980}.Release|Any CPU.ActiveCfg = Release|Any CPU
		{B03E3143-C202-4D86-AEDA-7A9512DE0980}.Release|Any CPU.Build.0 = Release|Any CPU
		{B03E3143-C202-4D86-AEDA-7A9512DE0980}.Release|x64.ActiveCfg = Release|Any CPU
		{B03E3143-C202-4D86-AEDA-7A9512DE0980}.Release|x64.Build.0 = Release|Any CPU
		{B03E3143-C202-4D86-AEDA-7A9512DE0980}.Release|x86.ActiveCfg = Release|Any CPU
		{B03E3143-C202-4D86-AEDA-7A9512DE0980}.Release|x86.Build.0 = Release|Any CPU
	EndGlobalSection
EndGlobal
